
Microsoft Visual Studio Solution File, Format Version 12.00
# Visual Studio Version 16
VisualStudioVersion = 16.0.30804.86
MinimumVisualStudioVersion = 10.0.40219.1
Project("{FAE04EC0-301F-11D3-BF4B-00C04F79EFBC}") = "Technical_Test", "Technical_Test.csproj", "{FC0CF4E1-2923-4C81-96D2-BD2900898770}"
EndProject
Global
	GlobalSection(SolutionConfigurationPlatforms) = preSolution
		Debug|Any CPU = Debug|Any CPU
		Release|Any CPU = Release|Any CPU
	EndGlobalSection
	GlobalSection(ProjectConfigurationPlatforms) = postSolution
		{FC0CF4E1-2923-4C81-96D2-BD2900898770}.Debug|Any CPU.ActiveCfg = Debug|Any CPU
		{FC0CF4E1-2923-4C81-96D2-BD2900898770}.Debug|Any CPU.Build.0 = Debug|Any CPU
		{FC0CF4E1-2923-4C81-96D2-BD2900898770}.Release|Any CPU.ActiveCfg = Release|Any CPU
		{FC0CF4E1-2923-4C81-96D2-BD2900898770}.Release|Any CPU.Build.0 = Release|Any CPU
	EndGlobalSection
	GlobalSection(SolutionProperties) = preSolution
		HideSolutionNode = FALSE
	EndGlobalSection
	GlobalSection(ExtensibilityGlobals) = postSolution
		SolutionGuid = {3420E658-F514-4229-928D-E28F158EF9F9}
	EndGlobalSection
EndGlobal
